<?xml version="1.0" encoding="utf-8"?>
<Project ToolsVersion="4.0" xmlns="http://schemas.microsoft.com/developer/msbuild/2003">
  <ItemGroup>
    <Filter Include="Source Files">
      <UniqueIdentifier>{1645e7ec-eaf6-47cf-8ce9-266a29b21134}</UniqueIdentifier>
      <Extensions>cpp;c;cxx;rc;def;r;odl;idl;hpj;bat</Extensions>
    </Filter>
    <Filter Include="Header Files">
      <UniqueIdentifier>{d0122240-3d84-4d41-bc79-c2d4025e2c93}</UniqueIdentifier>
      <Extensions>h;hpp;hxx;hm;inl</Extensions>
    </Filter>
    <Filter Include="Resource Files">
      <UniqueIdentifier>{8d076c09-12dc-44e4-bca4-a0e86b45daa5}</UniqueIdentifier>
      <Extensions>ico;cur;bmp;dlg;rc2;rct;bin;rgs;gif;jpg;jpeg;jpe</Extensions>
    </Filter>
  </ItemGroup>
  <ItemGroup>
    <ClCompile Include="DiaSetValue.cpp">
      <Filter>Source Files</Filter>
    </ClCompile>
    <ClCompile Include="DibSection.cpp">
      <Filter>Source Files</Filter>
    </ClCompile>
    <ClCompile Include="MainFrm.cpp">
      <Filter>Source Files</Filter>
    </ClCompile>
    <ClCompile Include="MMX.CPP">
      <Filter>Source Files</Filter>
    </ClCompile>
    <ClCompile Include="PngFile.cpp">
      <Filter>Source Files</Filter>
    </ClCompile>
    <ClCompile Include="ShowBmp.cpp">
      <Filter>Source Files</Filter>
    </ClCompile>
    <ClCompile Include="ShowBmpDoc.cpp">
      <Filter>Source Files</Filter>
    </ClCompile>
    <ClCompile Include="ShowBmpView.cpp">
      <Filter>Source Files</Filter>
    </ClCompile>
    <ClCompile Include="Sprite.cpp">
      <Filter>Source Files</Filter>
    </ClCompile>
    <ClCompile Include="StdAfx.cpp">
      <Filter>Source Files</Filter>
    </ClCompile>
  </ItemGroup>
  <ItemGroup>
    <ResourceCompile Include="ShowBmp.rc">
      <Filter>Source Files</Filter>
    </ResourceCompile>
  </ItemGroup>
  <ItemGroup>
    <ClInclude Include="DiaSetValue.h">
      <Filter>Header Files</Filter>
    </ClInclude>
    <ClInclude Include="DibSection.h">
      <Filter>Header Files</Filter>
    </ClInclude>
    <ClInclude Include="MainFrm.h">
      <Filter>Header Files</Filter>
    </ClInclude>
    <ClInclude Include="MMX.H">
      <Filter>Header Files</Filter>
    </ClInclude>
    <ClInclude Include="PNG.H">
      <Filter>Header Files</Filter>
    </ClInclude>
    <ClInclude Include="PNGCONF.H">
      <Filter>Header Files</Filter>
    </ClInclude>
    <ClInclude Include="PngFile.h">
      <Filter>Header Files</Filter>
    </ClInclude>
    <ClInclude Include="Resource.h">
      <Filter>Header Files</Filter>
    </ClInclude>
    <ClInclude Include="ShowBmp.h">
      <Filter>Header Files</Filter>
    </ClInclude>
    <ClInclude Include="ShowBmpDoc.h">
      <Filter>Header Files</Filter>
    </ClInclude>
    <ClInclude Include="ShowBmpView.h">
      <Filter>Header Files</Filter>
    </ClInclude>
    <ClInclude Include="Sprite.h">
      <Filter>Header Files</Filter>
    </ClInclude>
    <ClInclude Include="StdAfx.h">
      <Filter>Header Files</Filter>
    </ClInclude>
    <ClInclude Include="ZCONF.H">
      <Filter>Header Files</Filter>
    </ClInclude>
    <ClInclude Include="ZLIB.H">
      <Filter>Header Files</Filter>
    </ClInclude>
  </ItemGroup>
  <ItemGroup>
    <Image Include="res\ShowBmp.ico">
      <Filter>Resource Files</Filter>
    </Image>
    <Image Include="res\ShowBmpDoc.ico">
      <Filter>Resource Files</Filter>
    </Image>
    <Image Include="res\Toolbar.bmp">
      <Filter>Resource Files</Filter>
    </Image>
  </ItemGroup>
  <ItemGroup>
    <Text Include="ReadMe.txt" />
  </ItemGroup>
  <ItemGroup>
    <CustomBuild Include="res\ShowBmp.rc2">
      <Filter>Resource Files</Filter>
    </CustomBuild>
  </ItemGroup>
</Project>